
Microsoft Visual Studio Solution File, Format Version 12.00
# Visual Studio Version 17
VisualStudioVersion = 17.9.34728.123
MinimumVisualStudioVersion = 10.0.40219.1
Project("{8BC9CEB8-8B4A-11D0-8D11-00A0C91BC942}") = "IsBank", "IsBank\IsBank.vcxproj", "{EED780A6-A4B6-4A87-A22F-F7AE8E1C5844}"
EndProject
Global
	GlobalSection(SolutionConfigurationPlatforms) = preSolution
		Debug|x64 = Debug|x64
		Debug|x86 = Debug|x86
		Release|x64 = Release|x64
		Release|x86 = Release|x86
	EndGlobalSection
	GlobalSection(ProjectConfigurationPlatforms) = postSolution
		{EED780A6-A4B6-4A87-A22F-F7AE8E1C5844}.Debug|x64.ActiveCfg = Debug|x64
		{EED780A6-A4B6-4A87-A22F-F7AE8E1C5844}.Debug|x64.Build.0 = Debug|x64
		{EED780A6-A4B6-4A87-A22F-F7AE8E1C5844}.Debug|x86.ActiveCfg = Debug|Win32
		{EED780A6-A4B6-4A87-A22F-F7AE8E1C5844}.Debug|x86.Build.0 = Debug|Win32
		{EED780A6-A4B6-4A87-A22F-F7AE8E1C5844}.Release|x64.ActiveCfg = Release|x64
		{EED780A6-A4B6-4A87-A22F-F7AE8E1C5844}.Release|x64.Build.0 = Release|x64
		{EED780A6-A4B6-4A87-A22F-F7AE8E1C5844}.Release|x86.ActiveCfg = Release|Win32
		{EED780A6-A4B6-4A87-A22F-F7AE8E1C5844}.Release|x86.Build.0 = Release|Win32
	EndGlobalSection
	GlobalSection(SolutionProperties) = preSolution
		HideSolutionNode = FALSE
	EndGlobalSection
	GlobalSection(ExtensibilityGlobals) = postSolution
		SolutionGuid = {8C011A2B-4FC2-41D0-BABB-F753B4F082D0}
	EndGlobalSection
EndGlobal
